// !$*UTF8*$!
{
	archiveVersion = 1;
	classes = {
	};
	objectVersion = 46;
	objects = {

/* Begin PBXBuildFile section */
		1D6C81701C76E07500DD1405 /* AppDelegate.swift in Sources */ = {isa = PBXBuildFile; fileRef = 1D6C816F1C76E07500DD1405 /* AppDelegate.swift */; };
		1D6C81721C76E07500DD1405 /* ViewController.swift in Sources */ = {isa = PBXBuildFile; fileRef = 1D6C81711C76E07500DD1405 /* ViewController.swift */; };
		1D6C81751C76E07500DD1405 /* Main.storyboard in Resources */ = {isa = PBXBuildFile; fileRef = 1D6C81731C76E07500DD1405 /* Main.storyboard */; };
		1D6C81771C76E07500DD1405 /* Assets.xcassets in Resources */ = {isa = PBXBuildFile; fileRef = 1D6C81761C76E07500DD1405 /* Assets.xcassets */; };
		1D6C817A1C76E07500DD1405 /* LaunchScreen.storyboard in Resources */ = {isa = PBXBuildFile; fileRef = 1D6C81781C76E07500DD1405 /* LaunchScreen.storyboard */; };
		1D6C81851C76E07600DD1405 /* MailboxTests.swift in Sources */ = {isa = PBXBuildFile; fileRef = 1D6C81841C76E07600DD1405 /* MailboxTests.swift */; };
		1D6C81901C76E07600DD1405 /* MailboxUITests.swift in Sources */ = {isa = PBXBuildFile; fileRef = 1D6C818F1C76E07600DD1405 /* MailboxUITests.swift */; };
		1D6C819E1C76E1E400DD1405 /* MailboxViewController.swift in Sources */ = {isa = PBXBuildFile; fileRef = 1D6C819D1C76E1E400DD1405 /* MailboxViewController.swift */; };
/* End PBXBuildFile section */

/* Begin PBXContainerItemProxy section */
		1D6C81811C76E07600DD1405 /* PBXContainerItemProxy */ = {
			isa = PBXContainerItemProxy;
			containerPortal = 1D6C81641C76E07500DD1405 /* Project object */;
			proxyType = 1;
			remoteGlobalIDString = 1D6C816B1C76E07500DD1405;
			remoteInfo = Mailbox;
		};
		1D6C818C1C76E07600DD1405 /* PBXContainerItemProxy */ = {
			isa = PBXContainerItemProxy;
			containerPortal = 1D6C81641C76E07500DD1405 /* Project object */;
			proxyType = 1;
			remoteGlobalIDString = 1D6C816B1C76E07500DD1405;
			remoteInfo = Mailbox;
		};
/* End PBXContainerItemProxy section */

/* Begin PBXFileReference section */
		1D6C816C1C76E07500DD1405 /* Mailbox.app */ = {isa = PBXFileReference; explicitFileType = wrapper.application; includeInIndex = 0; path = Mailbox.app; sourceTree = BUILT_PRODUCTS_DIR; };
		1D6C816F1C76E07500DD1405 /* AppDelegate.swift */ = {isa = PBXFileReference; lastKnownFileType = sourcecode.swift; path = AppDelegate.swift; sourceTree = "<group>"; };
		1D6C81711C76E07500DD1405 /* ViewController.swift */ = {isa = PBXFileReference; lastKnownFileType = sourcecode.swift; path = ViewController.swift; sourceTree = "<group>"; };
		1D6C81741C76E07500DD1405 /* Base */ = {isa = PBXFileReference; lastKnownFileType = file.storyboard; name = Base; path = Base.lproj/Main.storyboard; sourceTree = "<group>"; };
		1D6C81761C76E07500DD1405 /* Assets.xcassets */ = {isa = PBXFileReference; lastKnownFileType = folder.assetcatalog; path = Assets.xcassets; sourceTree = "<group>"; };
		1D6C81791C76E07500DD1405 /* Base */ = {isa = PBXFileReference; lastKnownFileType = file.storyboard; name = Base; path = Base.lproj/LaunchScreen.storyboard; sourceTree = "<group>"; };
		1D6C817B1C76E07500DD1405 /* Info.plist */ = {isa = PBXFileReference; lastKnownFileType = text.plist.xml; path = Info.plist; sourceTree = "<group>"; };
		1D6C81801C76E07600DD1405 /* MailboxTests.xctest */ = {isa = PBXFileReference; explicitFileType = wrapper.cfbundle; includeInIndex = 0; path = MailboxTests.xctest; sourceTree = BUILT_PRODUCTS_DIR; };
		1D6C81841C76E07600DD1405 /* MailboxTests.swift */ = {isa = PBXFileReference; lastKnownFileType = sourcecode.swift; path = MailboxTests.swift; sourceTree = "<group>"; };
		1D6C81861C76E07600DD1405 /* Info.plist */ = {isa = PBXFileReference; lastKnownFileType = text.plist.xml; path = Info.plist; sourceTree = "<group>"; };
		1D6C818B1C76E07600DD1405 /* MailboxUITests.xctest */ = {isa = PBXFileReference; explicitFileType = wrapper.cfbundle; includeInIndex = 0; path = MailboxUITests.xctest; sourceTree = BUILT_PRODUCTS_DIR; };
		1D6C818F1C76E07600DD1405 /* MailboxUITests.swift */ = {isa = PBXFileReference; lastKnownFileType = sourcecode.swift; path = MailboxUITests.swift; sourceTree = "<group>"; };
		1D6C81911C76E07600DD1405 /* Info.plist */ = {isa = PBXFileReference; lastKnownFileType = text.plist.xml; path = Info.plist; sourceTree = "<group>"; };
		1D6C819D1C76E1E400DD1405 /* MailboxViewController.swift */ = {isa = PBXFileReference; fileEncoding = 4; lastKnownFileType = sourcecode.swift; path = MailboxViewController.swift; sourceTree = "<group>"; };
/* End PBXFileReference section */

/* Begin PBXFrameworksBuildPhase section */
		1D6C81691C76E07500DD1405 /* Frameworks */ = {
			isa = PBXFrameworksBuildPhase;
			buildActionMask = 2147483647;
			files = (
			);
			runOnlyForDeploymentPostprocessing = 0;
		};
		1D6C817D1C76E07600DD1405 /* Frameworks */ = {
			isa = PBXFrameworksBuildPhase;
			buildActionMask = 2147483647;
			files = (
			);
			runOnlyForDeploymentPostprocessing = 0;
		};
		1D6C81881C76E07600DD1405 /* Frameworks */ = {
			isa = PBXFrameworksBuildPhase;
			buildActionMask = 2147483647;
			files = (
			);
			runOnlyForDeploymentPostprocessing = 0;
		};
/* End PBXFrameworksBuildPhase section */

/* Begin PBXGroup section */
		1D6C81631C76E07500DD1405 = {
			isa = PBXGroup;
			children = (
				1D6C816E1C76E07500DD1405 /* Mailbox */,
				1D6C81831C76E07600DD1405 /* MailboxTests */,
				1D6C818E1C76E07600DD1405 /* MailboxUITests */,
				1D6C816D1C76E07500DD1405 /* Products */,
			);
			sourceTree = "<group>";
		};
		1D6C816D1C76E07500DD1405 /* Products */ = {
			isa = PBXGroup;
			children = (
				1D6C816C1C76E07500DD1405 /* Mailbox.app */,
				1D6C81801C76E07600DD1405 /* MailboxTests.xctest */,
				1D6C818B1C76E07600DD1405 /* MailboxUITests.xctest */,
			);
			name = Products;
			sourceTree = "<group>";
		};
		1D6C816E1C76E07500DD1405 /* Mailbox */ = {
			isa = PBXGroup;
			children = (
				1D6C816F1C76E07500DD1405 /* AppDelegate.swift */,
				1D6C81711C76E07500DD1405 /* ViewController.swift */,
				1D6C81731C76E07500DD1405 /* Main.storyboard */,
				1D6C819D1C76E1E400DD1405 /* MailboxViewController.swift */,
				1D6C81761C76E07500DD1405 /* Assets.xcassets */,
				1D6C81781C76E07500DD1405 /* LaunchScreen.storyboard */,
				1D6C817B1C76E07500DD1405 /* Info.plist */,
			);
			path = Mailbox;
			sourceTree = "<group>";
		};
		1D6C81831C76E07600DD1405 /* MailboxTests */ = {
			isa = PBXGroup;
			children = (
				1D6C81841C76E07600DD1405 /* MailboxTests.swift */,
				1D6C81861C76E07600DD1405 /* Info.plist */,
			);
			path = MailboxTests;
			sourceTree = "<group>";
		};
		1D6C818E1C76E07600DD1405 /* MailboxUITests */ = {
			isa = PBXGroup;
			children = (
				1D6C818F1C76E07600DD1405 /* MailboxUITests.swift */,
				1D6C81911C76E07600DD1405 /* Info.plist */,
			);
			path = MailboxUITests;
			sourceTree = "<group>";
		};
/* End PBXGroup section */

/* Begin PBXNativeTarget section */
		1D6C816B1C76E07500DD1405 /* Mailbox */ = {
			isa = PBXNativeTarget;
			buildConfigurationList = 1D6C81941C76E07600DD1405 /* Build configuration list for PBXNativeTarget "Mailbox" */;
			buildPhases = (
				1D6C81681C76E07500DD1405 /* Sources */,
				1D6C81691C76E07500DD1405 /* Frameworks */,
				1D6C816A1C76E07500DD1405 /* Resources */,
			);
			buildRules = (
			);
			dependencies = (
			);
			name = Mailbox;
			productName = Mailbox;
			productReference = 1D6C816C1C76E07500DD1405 /* Mailbox.app */;
			productType = "com.apple.product-type.application";
		};
		1D6C817F1C76E07600DD1405 /* MailboxTests */ = {
			isa = PBXNativeTarget;
			buildConfigurationList = 1D6C81971C76E07600DD1405 /* Build configuration list for PBXNativeTarget "MailboxTests" */;
			buildPhases = (
				1D6C817C1C76E07600DD1405 /* Sources */,
				1D6C817D1C76E07600DD1405 /* Frameworks */,
				1D6C817E1C76E07600DD1405 /* Resources */,
			);
			buildRules = (
			);
			dependencies = (
				1D6C81821C76E07600DD1405 /* PBXTargetDependency */,
			);
			name = MailboxTests;
			productName = MailboxTests;
			productReference = 1D6C81801C76E07600DD1405 /* MailboxTests.xctest */;
			productType = "com.apple.product-type.bundle.unit-test";
		};
		1D6C818A1C76E07600DD1405 /* MailboxUITests */ = {
			isa = PBXNativeTarget;
			buildConfigurationList = 1D6C819A1C76E07600DD1405 /* Build configuration list for PBXNativeTarget "MailboxUITests" */;
			buildPhases = (
				1D6C81871C76E07600DD1405 /* Sources */,
				1D6C81881C76E07600DD1405 /* Frameworks */,
				1D6C81891C76E07600DD1405 /* Resources */,
			);
			buildRules = (
			);
			dependencies = (
				1D6C818D1C76E07600DD1405 /* PBXTargetDependency */,
			);
			name = MailboxUITests;
			productName = MailboxUITests;
			productReference = 1D6C818B1C76E07600DD1405 /* MailboxUITests.xctest */;
			productType = "com.apple.product-type.bundle.ui-testing";
		};
/* End PBXNativeTarget section */

/* Begin PBXProject section */
		1D6C81641C76E07500DD1405 /* Project object */ = {
			isa = PBXProject;
			attributes = {
				LastSwiftUpdateCheck = 0730;
				LastUpgradeCheck = 0730;
				ORGANIZATIONNAME = "Madelyn Lee";
				TargetAttributes = {
					1D6C816B1C76E07500DD1405 = {
						CreatedOnToolsVersion = 7.3;
					};
					1D6C817F1C76E07600DD1405 = {
						CreatedOnToolsVersion = 7.3;
						TestTargetID = 1D6C816B1C76E07500DD1405;
					};
					1D6C818A1C76E07600DD1405 = {
						CreatedOnToolsVersion = 7.3;
						TestTargetID = 1D6C816B1C76E07500DD1405;
					};
				};
			};
			buildConfigurationList = 1D6C81671C76E07500DD1405 /* Build configuration list for PBXProject "Mailbox" */;
			compatibilityVersion = "Xcode 3.2";
			developmentRegion = English;
			hasScannedForEncodings = 0;
			knownRegions = (
				en,
				Base,
			);
			mainGroup = 1D6C81631C76E07500DD1405;
			productRefGroup = 1D6C816D1C76E07500DD1405 /* Products */;
			projectDirPath = "";
			projectRoot = "";
			targets = (
				1D6C816B1C76E07500DD1405 /* Mailbox */,
				1D6C817F1C76E07600DD1405 /* MailboxTests */,
				1D6C818A1C76E07600DD1405 /* MailboxUITests */,
			);
		};
/* End PBXProject section */

/* Begin PBXResourcesBuildPhase section */
		1D6C816A1C76E07500DD1405 /* Resources */ = {
			isa = PBXResourcesBuildPhase;
			buildActionMask = 2147483647;
			files = (
				1D6C817A1C76E07500DD1405 /* LaunchScreen.storyboard in Resources */,
				1D6C81771C76E07500DD1405 /* Assets.xcassets in Resources */,
				1D6C81751C76E07500DD1405 /* Main.storyboard in Resources */,
			);
			runOnlyForDeploymentPostprocessing = 0;
		};
		1D6C817E1C76E07600DD1405 /* Resources */ = {
			isa = PBXResourcesBuildPhase;
			buildActionMask = 2147483647;
			files = (
			);
			runOnlyForDeploymentPostprocessing = 0;
		};
		1D6C81891C76E07600DD1405 /* Resources */ = {
			isa = PBXResourcesBuildPhase;
			buildActionMask = 2147483647;
			files = (
			);
			runOnlyForDeploymentPostprocessing = 0;
		};
/* End PBXResourcesBuildPhase section */

/* Begin PBXSourcesBuildPhase section */
		1D6C81681C76E07500DD1405 /* Sources */ = {
			isa = PBXSourcesBuildPhase;
			buildActionMask = 2147483647;
			files = (
				1D6C81721C76E07500DD1405 /* ViewController.swift in Sources */,
				1D6C81701C76E07500DD1405 /* AppDelegate.swift in Sources */,
				1D6C819E1C76E1E400DD1405 /* MailboxViewController.swift in Sources */,
			);
			runOnlyForDeploymentPostprocessing = 0;
		};
		1D6C817C1C76E07600DD1405 /* Sources */ = {
			isa = PBXSourcesBuildPhase;
			buildActionMask = 2147483647;
			files = (
				1D6C81851C76E07600DD1405 /* MailboxTests.swift in Sources */,
			);
			runOnlyForDeploymentPostprocessing = 0;
		};
		1D6C81871C76E07600DD1405 /* Sources */ = {
			isa = PBXSourcesBuildPhase;
			buildActionMask = 2147483647;
			files = (
				1D6C81901C76E07600DD1405 /* MailboxUITests.swift in Sources */,
			);
			runOnlyForDeploymentPostprocessing = 0;
		};
/* End PBXSourcesBuildPhase section */

/* Begin PBXTargetDependency section */
		1D6C81821C76E07600DD1405 /* PBXTargetDependency */ = {
			isa = PBXTargetDependency;
			target = 1D6C816B1C76E07500DD1405 /* Mailbox */;
			targetProxy = 1D6C81811C76E07600DD1405 /* PBXContainerItemProxy */;
		};
		1D6C818D1C76E07600DD1405 /* PBXTargetDependency */ = {
			isa = PBXTargetDependency;
			target = 1D6C816B1C76E07500DD1405 /* Mailbox */;
			targetProxy = 1D6C818C1C76E07600DD1405 /* PBXContainerItemProxy */;
		};
/* End PBXTargetDependency section */

/* Begin PBXVariantGroup section */
		1D6C81731C76E07500DD1405 /* Main.storyboard */ = {
			isa = PBXVariantGroup;
			children = (
				1D6C81741C76E07500DD1405 /* Base */,
			);
			name = Main.storyboard;
			sourceTree = "<group>";
		};
		1D6C81781C76E07500DD1405 /* LaunchScreen.storyboard */ = {
			isa = PBXVariantGroup;
			children = (
				1D6C81791C76E07500DD1405 /* Base */,
			);
			name = LaunchScreen.storyboard;
			sourceTree = "<group>";
		};
/* End PBXVariantGroup section */

/* Begin XCBuildConfiguration section */
		1D6C81921C76E07600DD1405 /* Debug */ = {
			isa = XCBuildConfiguration;
			buildSettings = {
				ALWAYS_SEARCH_USER_PATHS = NO;
				CLANG_CXX_LANGUAGE_STANDARD = "gnu++0x";
				CLANG_CXX_LIBRARY = "libc++";
				CLANG_ENABLE_MODULES = YES;
				CLANG_ENABLE_OBJC_ARC = YES;
				CLANG_WARN_BOOL_CONVERSION = YES;
				CLANG_WARN_CONSTANT_CONVERSION = YES;
				CLANG_WARN_DIRECT_OBJC_ISA_USAGE = YES_ERROR;
				CLANG_WARN_EMPTY_BODY = YES;
				CLANG_WARN_ENUM_CONVERSION = YES;
				CLANG_WARN_INT_CONVERSION = YES;
				CLANG_WARN_OBJC_ROOT_CLASS = YES_ERROR;
				CLANG_WARN_UNREACHABLE_CODE = YES;
				CLANG_WARN__DUPLICATE_METHOD_MATCH = YES;
				"CODE_SIGN_IDENTITY[sdk=iphoneos*]" = "iPhone Developer";
				COPY_PHASE_STRIP = NO;
				DEBUG_INFORMATION_FORMAT = dwarf;
				ENABLE_STRICT_OBJC_MSGSEND = YES;
				ENABLE_TESTABILITY = YES;
				GCC_C_LANGUAGE_STANDARD = gnu99;
				GCC_DYNAMIC_NO_PIC = NO;
				GCC_NO_COMMON_BLOCKS = YES;
				GCC_OPTIMIZATION_LEVEL = 0;
				GCC_PREPROCESSOR_DEFINITIONS = (
					"DEBUG=1",
					"$(inherited)",
				);
				GCC_WARN_64_TO_32_BIT_CONVERSION = YES;
				GCC_WARN_ABOUT_RETURN_TYPE = YES_ERROR;
				GCC_WARN_UNDECLARED_SELECTOR = YES;
				GCC_WARN_UNINITIALIZED_AUTOS = YES_AGGRESSIVE;
				GCC_WARN_UNUSED_FUNCTION = YES;
				GCC_WARN_UNUSED_VARIABLE = YES;
				IPHONEOS_DEPLOYMENT_TARGET = 9.3;
				MTL_ENABLE_DEBUG_INFO = YES;
				ONLY_ACTIVE_ARCH = YES;
				SDKROOT = iphoneos;
				SWIFT_OPTIMIZATION_LEVEL = "-Onone";
			};
			name = Debug;
		};
		1D6C81931C76E07600DD1405 /* Release */ = {
			isa = XCBuildConfiguration;
			buildSettings = {
				ALWAYS_SEARCH_USER_PATHS = NO;
				CLANG_CXX_LANGUAGE_STANDARD = "gnu++0x";
				CLANG_CXX_LIBRARY = "libc++";
				CLANG_ENABLE_MODULES = YES;
				CLANG_ENABLE_OBJC_ARC = YES;
				CLANG_WARN_BOOL_CONVERSION = YES;
				CLANG_WARN_CONSTANT_CONVERSION = YES;
				CLANG_WARN_DIRECT_OBJC_ISA_USAGE = YES_ERROR;
				CLANG_WARN_EMPTY_BODY = YES;
				CLANG_WARN_ENUM_CONVERSION = YES;
				CLANG_WARN_INT_CONVERSION = YES;
				CLANG_WARN_OBJC_ROOT_CLASS = YES_ERROR;
				CLANG_WARN_UNREACHABLE_CODE = YES;
				CLANG_WARN__DUPLICATE_METHOD_MATCH = YES;
				"CODE_SIGN_IDENTITY[sdk=iphoneos*]" = "iPhone Developer";
				COPY_PHASE_STRIP = NO;
				DEBUG_INFORMATION_FORMAT = "dwarf-with-dsym";
				ENABLE_NS_ASSERTIONS = NO;
				ENABLE_STRICT_OBJC_MSGSEND = YES;
				GCC_C_LANGUAGE_STANDARD = gnu99;
				GCC_NO_COMMON_BLOCKS = YES;
				GCC_WARN_64_TO_32_BIT_CONVERSION = YES;
				GCC_WARN_ABOUT_RETURN_TYPE = YES_ERROR;
				GCC_WARN_UNDECLARED_SELECTOR = YES;
				GCC_WARN_UNINITIALIZED_AUTOS = YES_AGGRESSIVE;
				GCC_WARN_UNUSED_FUNCTION = YES;
				GCC_WARN_UNUSED_VARIABLE = YES;
				IPHONEOS_DEPLOYMENT_TARGET = 9.3;
				MTL_ENABLE_DEBUG_INFO = NO;
				SDKROOT = iphoneos;
				VALIDATE_PRODUCT = YES;
			};
			name = Release;
		};
		1D6C81951C76E07600DD1405 /* Debug */ = {
			isa = XCBuildConfiguration;
			buildSettings = {
				ASSETCATALOG_COMPILER_APPICON_NAME = AppIcon;
				INFOPLIST_FILE = Mailbox/Info.plist;
				IPHONEOS_DEPLOYMENT_TARGET = 9.2;
				LD_RUNPATH_SEARCH_PATHS = "$(inherited) @executable_path/Frameworks";
				PRODUCT_BUNDLE_IDENTIFIER = Codepath.Mailbox;
				PRODUCT_NAME = "$(TARGET_NAME)";
			};
			name = Debug;
		};
		1D6C81961C76E07600DD1405 /* Release */ = {
			isa = XCBuildConfiguration;
			buildSettings = {
				ASSETCATALOG_COMPILER_APPICON_NAME = AppIcon;
				INFOPLIST_FILE = Mailbox/Info.plist;
				IPHONEOS_DEPLOYMENT_TARGET = 9.2;
				LD_RUNPATH_SEARCH_PATHS = "$(inherited) @executable_path/Frameworks";
				PRODUCT_BUNDLE_IDENTIFIER = Codepath.Mailbox;
				PRODUCT_NAME = "$(TARGET_NAME)";
			};
			name = Release;
		};
		1D6C81981C76E07600DD1405 /* Debug */ = {
			isa = XCBuildConfiguration;
			buildSettings = {
				BUNDLE_LOADER = "$(TEST_HOST)";
				INFOPLIST_FILE = MailboxTests/Info.plist;
				LD_RUNPATH_SEARCH_PATHS = "$(inherited) @executable_path/Frameworks @loader_path/Frameworks";
				PRODUCT_BUNDLE_IDENTIFIER = Codepath.MailboxTests;
				PRODUCT_NAME = "$(TARGET_NAME)";
				TEST_HOST = "$(BUILT_PRODUCTS_DIR)/Mailbox.app/Mailbox";
			};
			name = Debug;
		};
		1D6C81991C76E07600DD1405 /* Release */ = {
			isa = XCBuildConfiguration;
			buildSettings = {
				BUNDLE_LOADER = "$(TEST_HOST)";
				INFOPLIST_FILE = MailboxTests/Info.plist;
				LD_RUNPATH_SEARCH_PATHS = "$(inherited) @executable_path/Frameworks @loader_path/Frameworks";
				PRODUCT_BUNDLE_IDENTIFIER = Codepath.MailboxTests;
				PRODUCT_NAME = "$(TARGET_NAME)";
				TEST_HOST = "$(BUILT_PRODUCTS_DIR)/Mailbox.app/Mailbox";
			};
			name = Release;
		};
		1D6C819B1C76E07600DD1405 /* Debug */ = {
			isa = XCBuildConfiguration;
			buildSettings = {
				INFOPLIST_FILE = MailboxUITests/Info.plist;
				LD_RUNPATH_SEARCH_PATHS = "$(inherited) @executable_path/Frameworks @loader_path/Frameworks";
				PRODUCT_BUNDLE_IDENTIFIER = Codepath.MailboxUITests;
				PRODUCT_NAME = "$(TARGET_NAME)";
				TEST_TARGET_NAME = Mailbox;
			};
			name = Debug;
		};
		1D6C819C1C76E07600DD1405 /* Release */ = {
			isa = XCBuildConfiguration;
			buildSettings = {
				INFOPLIST_FILE = MailboxUITests/Info.plist;
				LD_RUNPATH_SEARCH_PATHS = "$(inherited) @executable_path/Frameworks @loader_path/Frameworks";
				PRODUCT_BUNDLE_IDENTIFIER = Codepath.MailboxUITests;
				PRODUCT_NAME = "$(TARGET_NAME)";
				TEST_TARGET_NAME = Mailbox;
			};
			name = Release;
		};
/* End XCBuildConfiguration section */

/* Begin XCConfigurationList section */
		1D6C81671C76E07500DD1405 /* Build configuration list for PBXProject "Mailbox" */ = {
			isa = XCConfigurationList;
			buildConfigurations = (
				1D6C81921C76E07600DD1405 /* Debug */,
				1D6C81931C76E07600DD1405 /* Release */,
			);
			defaultConfigurationIsVisible = 0;
			defaultConfigurationName = Release;
		};
		1D6C81941C76E07600DD1405 /* Build configuration list for PBXNativeTarget "Mailbox" */ = {
			isa = XCConfigurationList;
			buildConfigurations = (
				1D6C81951C76E07600DD1405 /* Debug */,
				1D6C81961C76E07600DD1405 /* Release */,
			);
			defaultConfigurationIsVisible = 0;
		};
		1D6C81971C76E07600DD1405 /* Build configuration list for PBXNativeTarget "MailboxTests" */ = {
			isa = XCConfigurationList;
			buildConfigurations = (
				1D6C81981C76E07600DD1405 /* Debug */,
				1D6C81991C76E07600DD1405 /* Release */,
			);
			defaultConfigurationIsVisible = 0;
		};
		1D6C819A1C76E07600DD1405 /* Build configuration list for PBXNativeTarget "MailboxUITests" */ = {
			isa = XCConfigurationList;
			buildConfigurations = (
				1D6C819B1C76E07600DD1405 /* Debug */,
				1D6C819C1C76E07600DD1405 /* Release */,
			);
			defaultConfigurationIsVisible = 0;
		};
/* End XCConfigurationList section */
	};
	rootObject = 1D6C81641C76E07500DD1405 /* Project object */;
}
